<?xml version="1.0" encoding="utf-8"?>
<Project ToolsVersion="4.0" xmlns="http://schemas.microsoft.com/developer/msbuild/2003">
  <ItemGroup>
    <Filter Include="Source Files">
      <UniqueIdentifier>{4FC737F1-C7A5-4376-A066-2A32D752A2FF}</UniqueIdentifier>
      <Extensions>cpp;c;cc;cxx;def;odl;idl;hpj;bat;asm;asmx</Extensions>
    </Filter>
    <Filter Include="Header Files">
      <UniqueIdentifier>{93995380-89BD-4b04-88EB-625FBE52EBFB}</UniqueIdentifier>
      <Extensions>h;hpp;hxx;hm;inl;inc;xsd</Extensions>
    </Filter>
    <Filter Include="Resource Files">
      <UniqueIdentifier>{67DA6AB6-F800-4c08-8B7A-83BB121AAD01}</UniqueIdentifier>
      <Extensions>rc;ico;cur;bmp;dlg;rc2;rct;bin;rgs;gif;jpg;jpeg;jpe;resx;tiff;tif;png;wav;mfcribbon-ms</Extensions>
    </Filter>
    <Filter Include="Header Files\Message">
      <UniqueIdentifier>{829428db-fc11-4564-ab83-d9c324db3041}</UniqueIdentifier>
    </Filter>
    <Filter Include="Source Files\Message">
      <UniqueIdentifier>{febcbe48-a5dc-40e3-9401-d5d1ec0e9632}</UniqueIdentifier>
    </Filter>
    <Filter Include="Header Files\ErrorHandling">
      <UniqueIdentifier>{0b01e7e7-6a1f-4ccc-b701-e410b146bc3d}</UniqueIdentifier>
    </Filter>
  </ItemGroup>
  <ItemGroup>
    <None Include="ReadMe.txt" />
  </ItemGroup>
  <ItemGroup>
    <ClInclude Include="HttpRequestDispatcher.h">
      <Filter>Header Files</Filter>
    </ClInclude>
    <ClInclude Include="HttpCore.h">
      <Filter>Header Files</Filter>
    </ClInclude>
    <ClInclude Include="HttpWorkerRequest.h">
      <Filter>Header Files</Filter>
    </ClInclude>
    <ClInclude Include="HttpMessage.h">
      <Filter>Header Files\Message</Filter>
    </ClInclude>
    <ClInclude Include="HttpRequest.h">
      <Filter>Header Files\Message</Filter>
    </ClInclude>
    <ClInclude Include="HttpResponse.h">
      <Filter>Header Files\Message</Filter>
    </ClInclude>
    <ClInclude Include="HttpVersion.h">
      <Filter>Header Files\Message</Filter>
    </ClInclude>
    <ClInclude Include="HttpHeader.h">
      <Filter>Header Files\Message</Filter>
    </ClInclude>
    <ClInclude Include="LexerInputBuffer.h">
      <Filter>Header Files</Filter>
    </ClInclude>
    <ClInclude Include="Uri.h">
      <Filter>Header Files\Message</Filter>
    </ClInclude>
    <ClInclude Include="HeaderNotFoundException.h">
      <Filter>Header Files\ErrorHandling</Filter>
    </ClInclude>
    <ClInclude Include="HttpRequestParser.h">
      <Filter>Header Files</Filter>
    </ClInclude>
    <ClInclude Include="MessageParseError.h">
      <Filter>Header Files\ErrorHandling</Filter>
    </ClInclude>
  </ItemGroup>
  <ItemGroup>
    <ClCompile Include="HttpRequestDispatcher.cpp">
      <Filter>Source Files</Filter>
    </ClCompile>
    <ClCompile Include="HttpWorkerRequest.cpp">
      <Filter>Source Files</Filter>
    </ClCompile>
    <ClCompile Include="HttpVersion.cpp">
      <Filter>Source Files\Message</Filter>
    </ClCompile>
    <ClCompile Include="LexerInputBuffer.cpp">
      <Filter>Source Files</Filter>
    </ClCompile>
    <ClCompile Include="Uri.cpp">
      <Filter>Source Files\Message</Filter>
    </ClCompile>
    <ClCompile Include="HttpMessage.cpp">
      <Filter>Source Files\Message</Filter>
    </ClCompile>
    <ClCompile Include="HttpRequest.cpp">
      <Filter>Source Files\Message</Filter>
    </ClCompile>
    <ClCompile Include="HttpRequestParser.cpp">
      <Filter>Source Files</Filter>
    </ClCompile>
    <ClCompile Include="HttpCore.cpp">
      <Filter>Source Files</Filter>
    </ClCompile>
    <ClCompile Include="HttpResponse.cpp">
      <Filter>Source Files\Message</Filter>
    </ClCompile>
  </ItemGroup>
</Project>