
Microsoft Visual Studio Solution File, Format Version 11.00
# Visual Studio 2010
Project("{8BC9CEB8-8B4A-11D0-8D11-00A0C91BC942}") = "JustServer.Tests", "JustServer.Tests\JustServer.Tests.vcxproj", "{E50A2BAE-4C3B-40E8-B210-7F20CFD7957A}"
EndProject
Project("{8BC9CEB8-8B4A-11D0-8D11-00A0C91BC942}") = "JustServer.HttpCore", "JustServer.HttpCore\JustServer.HttpCore.vcxproj", "{7022068D-D2AC-4D87-B459-081F19A13AA4}"
EndProject
Project("{8BC9CEB8-8B4A-11D0-8D11-00A0C91BC942}") = "JustServer.Utility", "JustServer.Utility\JustServer.Utility.vcxproj", "{644D0228-DCD0-4D92-B688-BA1D898F3D5A}"
EndProject
Project("{8BC9CEB8-8B4A-11D0-8D11-00A0C91BC942}") = "JustServer.Network", "JustServer.Network\JustServer.Network.vcxproj", "{36D312BF-7D28-4488-B8B3-CDF6B80DCBE9}"
EndProject
Project("{8BC9CEB8-8B4A-11D0-8D11-00A0C91BC942}") = "JustServer.Scaffolding", "JustServer.Scaffolding\JustServer.Scaffolding.vcxproj", "{04A25B19-A238-409F-A46A-0100B2A8B8F1}"
EndProject
Project("{8BC9CEB8-8B4A-11D0-8D11-00A0C91BC942}") = "JustServer.LexicalAnalyzer", "JustServer.LexicalAnalyzer\JustServer.LexicalAnalyzer.vcxproj", "{0894B46E-D07C-458B-BBC2-A0C928F94D1D}"
EndProject
Project("{8BC9CEB8-8B4A-11D0-8D11-00A0C91BC942}") = "JustServer.HttpGrammar", "JustServer.HttpGrammar\JustServer.HttpGrammar.vcxproj", "{ABB55457-F67B-454D-AC90-DD03BE69B75D}"
EndProject
Project("{8BC9CEB8-8B4A-11D0-8D11-00A0C91BC942}") = "JustServer.FileSystemAccess", "JustServer.FileSystemAccess\JustServer.FileSystemAccess.vcxproj", "{C352534E-BBD8-4544-A48F-88C4D9119304}"
EndProject
Project("{2150E333-8FDC-42A3-9474-1A3956D46DE8}") = "Solution Items", "Solution Items", "{CD9D7FE4-FBA3-4814-9824-1DBDA3250A01}"
	ProjectSection(SolutionItems) = preProject
		Performance1.psess = Performance1.psess
	EndProjectSection
EndProject
Global
	GlobalSection(SolutionConfigurationPlatforms) = preSolution
		Debug|Win32 = Debug|Win32
		Release|Win32 = Release|Win32
	EndGlobalSection
	GlobalSection(ProjectConfigurationPlatforms) = postSolution
		{E50A2BAE-4C3B-40E8-B210-7F20CFD7957A}.Debug|Win32.ActiveCfg = Debug|Win32
		{E50A2BAE-4C3B-40E8-B210-7F20CFD7957A}.Debug|Win32.Build.0 = Debug|Win32
		{E50A2BAE-4C3B-40E8-B210-7F20CFD7957A}.Release|Win32.ActiveCfg = Release|Win32
		{E50A2BAE-4C3B-40E8-B210-7F20CFD7957A}.Release|Win32.Build.0 = Release|Win32
		{7022068D-D2AC-4D87-B459-081F19A13AA4}.Debug|Win32.ActiveCfg = Debug|Win32
		{7022068D-D2AC-4D87-B459-081F19A13AA4}.Debug|Win32.Build.0 = Debug|Win32
		{7022068D-D2AC-4D87-B459-081F19A13AA4}.Release|Win32.ActiveCfg = Release|Win32
		{7022068D-D2AC-4D87-B459-081F19A13AA4}.Release|Win32.Build.0 = Release|Win32
		{644D0228-DCD0-4D92-B688-BA1D898F3D5A}.Debug|Win32.ActiveCfg = Debug|Win32
		{644D0228-DCD0-4D92-B688-BA1D898F3D5A}.Debug|Win32.Build.0 = Debug|Win32
		{644D0228-DCD0-4D92-B688-BA1D898F3D5A}.Release|Win32.ActiveCfg = Release|Win32
		{644D0228-DCD0-4D92-B688-BA1D898F3D5A}.Release|Win32.Build.0 = Release|Win32
		{36D312BF-7D28-4488-B8B3-CDF6B80DCBE9}.Debug|Win32.ActiveCfg = Debug|Win32
		{36D312BF-7D28-4488-B8B3-CDF6B80DCBE9}.Debug|Win32.Build.0 = Debug|Win32
		{36D312BF-7D28-4488-B8B3-CDF6B80DCBE9}.Release|Win32.ActiveCfg = Release|Win32
		{36D312BF-7D28-4488-B8B3-CDF6B80DCBE9}.Release|Win32.Build.0 = Release|Win32
		{04A25B19-A238-409F-A46A-0100B2A8B8F1}.Debug|Win32.ActiveCfg = Debug|Win32
		{04A25B19-A238-409F-A46A-0100B2A8B8F1}.Debug|Win32.Build.0 = Debug|Win32
		{04A25B19-A238-409F-A46A-0100B2A8B8F1}.Release|Win32.ActiveCfg = Release|Win32
		{04A25B19-A238-409F-A46A-0100B2A8B8F1}.Release|Win32.Build.0 = Release|Win32
		{0894B46E-D07C-458B-BBC2-A0C928F94D1D}.Debug|Win32.ActiveCfg = Debug|Win32
		{0894B46E-D07C-458B-BBC2-A0C928F94D1D}.Debug|Win32.Build.0 = Debug|Win32
		{0894B46E-D07C-458B-BBC2-A0C928F94D1D}.Release|Win32.ActiveCfg = Release|Win32
		{0894B46E-D07C-458B-BBC2-A0C928F94D1D}.Release|Win32.Build.0 = Release|Win32
		{ABB55457-F67B-454D-AC90-DD03BE69B75D}.Debug|Win32.ActiveCfg = Debug|Win32
		{ABB55457-F67B-454D-AC90-DD03BE69B75D}.Debug|Win32.Build.0 = Debug|Win32
		{ABB55457-F67B-454D-AC90-DD03BE69B75D}.Release|Win32.ActiveCfg = Release|Win32
		{ABB55457-F67B-454D-AC90-DD03BE69B75D}.Release|Win32.Build.0 = Release|Win32
		{C352534E-BBD8-4544-A48F-88C4D9119304}.Debug|Win32.ActiveCfg = Debug|Win32
		{C352534E-BBD8-4544-A48F-88C4D9119304}.Debug|Win32.Build.0 = Debug|Win32
		{C352534E-BBD8-4544-A48F-88C4D9119304}.Release|Win32.ActiveCfg = Release|Win32
		{C352534E-BBD8-4544-A48F-88C4D9119304}.Release|Win32.Build.0 = Release|Win32
	EndGlobalSection
	GlobalSection(SolutionProperties) = preSolution
		HideSolutionNode = FALSE
	EndGlobalSection
EndGlobal
