<?xml version="1.0" encoding="utf-8"?>
<Project ToolsVersion="4.0" xmlns="http://schemas.microsoft.com/developer/msbuild/2003">
  <ItemGroup>
    <Filter Include="Source Files">
      <UniqueIdentifier>{4FC737F1-C7A5-4376-A066-2A32D752A2FF}</UniqueIdentifier>
      <Extensions>cpp;c;cc;cxx;def;odl;idl;hpj;bat;asm;asmx</Extensions>
    </Filter>
    <Filter Include="Header Files">
      <UniqueIdentifier>{93995380-89BD-4b04-88EB-625FBE52EBFB}</UniqueIdentifier>
      <Extensions>h;hpp;hxx;hm;inl;inc;xsd</Extensions>
    </Filter>
    <Filter Include="Resource Files">
      <UniqueIdentifier>{67DA6AB6-F800-4c08-8B7A-83BB121AAD01}</UniqueIdentifier>
      <Extensions>rc;ico;cur;bmp;dlg;rc2;rct;bin;rgs;gif;jpg;jpeg;jpe;resx;tiff;tif;png;wav;mfcribbon-ms</Extensions>
    </Filter>
    <Filter Include="Header Files\Exceptions">
      <UniqueIdentifier>{be463e62-34ba-498b-81ac-d59f5db69092}</UniqueIdentifier>
    </Filter>
    <Filter Include="Header Files\Raster">
      <UniqueIdentifier>{0b3480d7-aee1-445a-b45a-9077a8e66615}</UniqueIdentifier>
    </Filter>
    <Filter Include="Source Files\Raster">
      <UniqueIdentifier>{9e3c625a-4ec5-478a-885e-a2a01cf00d30}</UniqueIdentifier>
    </Filter>
    <Filter Include="Header Files\Vector">
      <UniqueIdentifier>{df6de4c5-1fc1-43dc-a78c-3280723b8745}</UniqueIdentifier>
    </Filter>
    <Filter Include="Header Files\Vector\Primitives">
      <UniqueIdentifier>{0de066a3-5131-48df-a0d4-4539606976c4}</UniqueIdentifier>
    </Filter>
  </ItemGroup>
  <ItemGroup>
    <ClInclude Include="PointOutOfBitmapException.h">
      <Filter>Header Files\Exceptions</Filter>
    </ClInclude>
    <ClInclude Include="Common.h">
      <Filter>Header Files</Filter>
    </ClInclude>
    <ClInclude Include="FileNotFoundException.h">
      <Filter>Header Files\Exceptions</Filter>
    </ClInclude>
    <ClInclude Include="InvalidBmpStreamException.h">
      <Filter>Header Files\Exceptions</Filter>
    </ClInclude>
    <ClInclude Include="ArgbQuad.h">
      <Filter>Header Files</Filter>
    </ClInclude>
    <ClInclude Include="RasterImage.h">
      <Filter>Header Files\Raster</Filter>
    </ClInclude>
    <ClInclude Include="WinBMP.h">
      <Filter>Header Files\Raster</Filter>
    </ClInclude>
    <ClInclude Include="WinBmpColorTable.h">
      <Filter>Header Files\Raster</Filter>
    </ClInclude>
    <ClInclude Include="WinBmpStructs.h">
      <Filter>Header Files\Raster</Filter>
    </ClInclude>
    <ClInclude Include="VectorImage.h">
      <Filter>Header Files\Vector</Filter>
    </ClInclude>
    <ClInclude Include="Primitive.h">
      <Filter>Header Files\Vector</Filter>
    </ClInclude>
    <ClInclude Include="Path.h">
      <Filter>Header Files\Vector\Primitives</Filter>
    </ClInclude>
    <ClInclude Include="Point2F.h">
      <Filter>Header Files</Filter>
    </ClInclude>
    <ClInclude Include="ISvgSerializer.h">
      <Filter>Header Files\Vector</Filter>
    </ClInclude>
    <ClInclude Include="SvgSerializer.h">
      <Filter>Header Files\Vector</Filter>
    </ClInclude>
  </ItemGroup>
  <ItemGroup>
    <ClCompile Include="RasterImage.cpp">
      <Filter>Source Files\Raster</Filter>
    </ClCompile>
    <ClCompile Include="WinBmpColorTable.cpp">
      <Filter>Source Files\Raster</Filter>
    </ClCompile>
    <ClCompile Include="WinBMP.cpp">
      <Filter>Source Files\Raster</Filter>
    </ClCompile>
  </ItemGroup>
</Project>