<?xml version="1.0" encoding="utf-8"?>
<Project ToolsVersion="4.0" xmlns="http://schemas.microsoft.com/developer/msbuild/2003">
  <ItemGroup>
    <Filter Include="Source Files">
      <UniqueIdentifier>{4FC737F1-C7A5-4376-A066-2A32D752A2FF}</UniqueIdentifier>
      <Extensions>cpp;c;cc;cxx;def;odl;idl;hpj;bat;asm;asmx</Extensions>
    </Filter>
    <Filter Include="Header Files">
      <UniqueIdentifier>{93995380-89BD-4b04-88EB-625FBE52EBFB}</UniqueIdentifier>
      <Extensions>h;hpp;hxx;hm;inl;inc;xsd</Extensions>
    </Filter>
    <Filter Include="Resource Files">
      <UniqueIdentifier>{67DA6AB6-F800-4c08-8B7A-83BB121AAD01}</UniqueIdentifier>
      <Extensions>rc;ico;cur;bmp;dlg;rc2;rct;bin;rgs;gif;jpg;jpeg;jpe;resx;tiff;tif;png;wav;mfcribbon-ms</Extensions>
    </Filter>
    <Filter Include="Header Files\FiniteAutomata">
      <UniqueIdentifier>{49897e5b-0ca0-4f1c-928b-7ee5c2339270}</UniqueIdentifier>
    </Filter>
    <Filter Include="Source Files\FiniteAutomata">
      <UniqueIdentifier>{39afaf50-24bf-43e0-997c-82d5e773ec69}</UniqueIdentifier>
    </Filter>
  </ItemGroup>
  <ItemGroup>
    <None Include="ReadMe.txt" />
  </ItemGroup>
  <ItemGroup>
    <ClInclude Include="Lexer.h">
      <Filter>Header Files</Filter>
    </ClInclude>
    <ClInclude Include="Token.h">
      <Filter>Header Files</Filter>
    </ClInclude>
    <ClInclude Include="LexerOutput.h">
      <Filter>Header Files</Filter>
    </ClInclude>
    <ClInclude Include="LexicalError.h">
      <Filter>Header Files</Filter>
    </ClInclude>
    <ClInclude Include="LexerSettings.h">
      <Filter>Header Files</Filter>
    </ClInclude>
    <ClInclude Include="FaState.h">
      <Filter>Header Files\FiniteAutomata</Filter>
    </ClInclude>
    <ClInclude Include="FaTransition.h">
      <Filter>Header Files\FiniteAutomata</Filter>
    </ClInclude>
    <ClInclude Include="TokenCreator.h">
      <Filter>Header Files</Filter>
    </ClInclude>
    <ClInclude Include="ErrorCode.h">
      <Filter>Header Files</Filter>
    </ClInclude>
    <ClInclude Include="ReadAction.h">
      <Filter>Header Files\FiniteAutomata</Filter>
    </ClInclude>
    <ClInclude Include="Global.h">
      <Filter>Header Files</Filter>
    </ClInclude>
    <ClInclude Include="CharValidationRule.h">
      <Filter>Header Files</Filter>
    </ClInclude>
    <ClInclude Include="IInputBuffer.h">
      <Filter>Header Files</Filter>
    </ClInclude>
  </ItemGroup>
  <ItemGroup>
    <ClCompile Include="Lexer.cpp">
      <Filter>Source Files</Filter>
    </ClCompile>
    <ClCompile Include="LexerSettings.cpp">
      <Filter>Source Files</Filter>
    </ClCompile>
    <ClCompile Include="Token.cpp">
      <Filter>Source Files</Filter>
    </ClCompile>
    <ClCompile Include="LexicalError.cpp">
      <Filter>Source Files</Filter>
    </ClCompile>
    <ClCompile Include="FaState.cpp">
      <Filter>Source Files\FiniteAutomata</Filter>
    </ClCompile>
  </ItemGroup>
</Project>